# THIS IS AN AUTOGENERATED FILE. DO NOT EDIT THIS FILE DIRECTLY.
# yarn lockfile v1


"circular-json@^0.3.3":
  "integrity" "sha512-UZK3NBx2Mca+b5LsG7bY183pHWt5Y1xts4P3Pz7ENTwGVnJOUWbRb3ocjvX7hx9tq/yTAdclXm9sZ38gNuem4A=="
  "resolved" "https://registry.npmjs.org/circular-json/-/circular-json-0.3.3.tgz"
  "version" "0.3.3"

"mobile-console-log@^0.0.1":
  "integrity" "sha512-x3rr/MdRBw48eo7TQX0Bvx7ZWJN973F5LWbDdKZoYtQHA1zAirPIsmZF2MgImZ5XTWsRMKD1i0fuGnU3ipoxkA=="
  "resolved" "https://registry.npmjs.org/mobile-console-log/-/mobile-console-log-0.0.1.tgz"
  "version" "0.0.1"
  dependencies:
    "circular-json" "^0.3.3"
